// !$*UTF8*$!
{
	archiveVersion = 1;
	classes = {
	};
	objectVersion = 55;
	objects = {

/* Begin PBXBuildFile section */
		37919D65288D66640063C4CF /* MapAppApp.swift in Sources */ = {isa = PBXBuildFile; fileRef = 37919D64288D66640063C4CF /* MapAppApp.swift */; };
		37919D69288D66670063C4CF /* Assets.xcassets in Resources */ = {isa = PBXBuildFile; fileRef = 37919D68288D66670063C4CF /* Assets.xcassets */; };
		37919D6C288D66670063C4CF /* Preview Assets.xcassets in Resources */ = {isa = PBXBuildFile; fileRef = 37919D6B288D66670063C4CF /* Preview Assets.xcassets */; };
		37919D73288D67210063C4CF /* Location.swift in Sources */ = {isa = PBXBuildFile; fileRef = 37919D72288D67210063C4CF /* Location.swift */; };
		37919D76288D677F0063C4CF /* LocationsDataService.swift in Sources */ = {isa = PBXBuildFile; fileRef = 37919D75288D677F0063C4CF /* LocationsDataService.swift */; };
		37919D78288D67FF0063C4CF /* LocationsView.swift in Sources */ = {isa = PBXBuildFile; fileRef = 37919D77288D67FF0063C4CF /* LocationsView.swift */; };
		37919D7F288D6A010063C4CF /* LocationsViewModel.swift in Sources */ = {isa = PBXBuildFile; fileRef = 37919D7E288D6A010063C4CF /* LocationsViewModel.swift */; };
		37919D81288D6F250063C4CF /* LocationsListView.swift in Sources */ = {isa = PBXBuildFile; fileRef = 37919D80288D6F250063C4CF /* LocationsListView.swift */; };
		37919D83288D9E510063C4CF /* LocationPreviewView.swift in Sources */ = {isa = PBXBuildFile; fileRef = 37919D82288D9E510063C4CF /* LocationPreviewView.swift */; };
		37919D85288DB8960063C4CF /* LocationMapAnnotationView.swift in Sources */ = {isa = PBXBuildFile; fileRef = 37919D84288DB8960063C4CF /* LocationMapAnnotationView.swift */; };
		37919D87288DBC1E0063C4CF /* LocationDetailView.swift in Sources */ = {isa = PBXBuildFile; fileRef = 37919D86288DBC1E0063C4CF /* LocationDetailView.swift */; };
/* End PBXBuildFile section */

/* Begin PBXFileReference section */
		37373F63288E94A10086A351 /* Info.plist */ = {isa = PBXFileReference; lastKnownFileType = text.plist; path = Info.plist; sourceTree = "<group>"; };
		37919D61288D66640063C4CF /* MapApp.app */ = {isa = PBXFileReference; explicitFileType = wrapper.application; includeInIndex = 0; path = MapApp.app; sourceTree = BUILT_PRODUCTS_DIR; };
		37919D64288D66640063C4CF /* MapAppApp.swift */ = {isa = PBXFileReference; lastKnownFileType = sourcecode.swift; path = MapAppApp.swift; sourceTree = "<group>"; };
		37919D68288D66670063C4CF /* Assets.xcassets */ = {isa = PBXFileReference; lastKnownFileType = folder.assetcatalog; path = Assets.xcassets; sourceTree = "<group>"; };
		37919D6B288D66670063C4CF /* Preview Assets.xcassets */ = {isa = PBXFileReference; lastKnownFileType = folder.assetcatalog; path = "Preview Assets.xcassets"; sourceTree = "<group>"; };
		37919D72288D67210063C4CF /* Location.swift */ = {isa = PBXFileReference; lastKnownFileType = sourcecode.swift; path = Location.swift; sourceTree = "<group>"; };
		37919D75288D677F0063C4CF /* LocationsDataService.swift */ = {isa = PBXFileReference; fileEncoding = 4; lastKnownFileType = sourcecode.swift; path = LocationsDataService.swift; sourceTree = "<group>"; };
		37919D77288D67FF0063C4CF /* LocationsView.swift */ = {isa = PBXFileReference; lastKnownFileType = sourcecode.swift; path = LocationsView.swift; sourceTree = "<group>"; };
		37919D7E288D6A010063C4CF /* LocationsViewModel.swift */ = {isa = PBXFileReference; lastKnownFileType = sourcecode.swift; path = LocationsViewModel.swift; sourceTree = "<group>"; };
		37919D80288D6F250063C4CF /* LocationsListView.swift */ = {isa = PBXFileReference; lastKnownFileType = sourcecode.swift; path = LocationsListView.swift; sourceTree = "<group>"; };
		37919D82288D9E510063C4CF /* LocationPreviewView.swift */ = {isa = PBXFileReference; lastKnownFileType = sourcecode.swift; path = LocationPreviewView.swift; sourceTree = "<group>"; };
		37919D84288DB8960063C4CF /* LocationMapAnnotationView.swift */ = {isa = PBXFileReference; lastKnownFileType = sourcecode.swift; path = LocationMapAnnotationView.swift; sourceTree = "<group>"; };
		37919D86288DBC1E0063C4CF /* LocationDetailView.swift */ = {isa = PBXFileReference; lastKnownFileType = sourcecode.swift; path = LocationDetailView.swift; sourceTree = "<group>"; };
/* End PBXFileReference section */

/* Begin PBXFrameworksBuildPhase section */
		37919D5E288D66640063C4CF /* Frameworks */ = {
			isa = PBXFrameworksBuildPhase;
			buildActionMask = 2147483647;
			files = (
			);
			runOnlyForDeploymentPostprocessing = 0;
		};
/* End PBXFrameworksBuildPhase section */

/* Begin PBXGroup section */
		37919D58288D66640063C4CF = {
			isa = PBXGroup;
			children = (
				37919D63288D66640063C4CF /* MapApp */,
				37919D62288D66640063C4CF /* Products */,
			);
			sourceTree = "<group>";
		};
		37919D62288D66640063C4CF /* Products */ = {
			isa = PBXGroup;
			children = (
				37919D61288D66640063C4CF /* MapApp.app */,
			);
			name = Products;
			sourceTree = "<group>";
		};
		37919D63288D66640063C4CF /* MapApp */ = {
			isa = PBXGroup;
			children = (
				37373F63288E94A10086A351 /* Info.plist */,
				37919D79288D68DF0063C4CF /* Features */,
				37919D64288D66640063C4CF /* MapAppApp.swift */,
				37919D68288D66670063C4CF /* Assets.xcassets */,
				37919D6A288D66670063C4CF /* Preview Content */,
			);
			path = MapApp;
			sourceTree = "<group>";
		};
		37919D6A288D66670063C4CF /* Preview Content */ = {
			isa = PBXGroup;
			children = (
				37919D6B288D66670063C4CF /* Preview Assets.xcassets */,
			);
			path = "Preview Content";
			sourceTree = "<group>";
		};
		37919D74288D676D0063C4CF /* DataServices */ = {
			isa = PBXGroup;
			children = (
				37919D75288D677F0063C4CF /* LocationsDataService.swift */,
			);
			path = DataServices;
			sourceTree = "<group>";
		};
		37919D79288D68DF0063C4CF /* Features */ = {
			isa = PBXGroup;
			children = (
				37919D7A288D69DC0063C4CF /* Locations */,
				37919D74288D676D0063C4CF /* DataServices */,
			);
			path = Features;
			sourceTree = "<group>";
		};
		37919D7A288D69DC0063C4CF /* Locations */ = {
			isa = PBXGroup;
			children = (
				37919D7D288D69EE0063C4CF /* ViewModels */,
				37919D7C288D69E80063C4CF /* Models */,
				37919D7B288D69E10063C4CF /* Views */,
			);
			path = Locations;
			sourceTree = "<group>";
		};
		37919D7B288D69E10063C4CF /* Views */ = {
			isa = PBXGroup;
			children = (
				37919D77288D67FF0063C4CF /* LocationsView.swift */,
				37919D80288D6F250063C4CF /* LocationsListView.swift */,
				37919D82288D9E510063C4CF /* LocationPreviewView.swift */,
				37919D84288DB8960063C4CF /* LocationMapAnnotationView.swift */,
				37919D86288DBC1E0063C4CF /* LocationDetailView.swift */,
			);
			path = Views;
			sourceTree = "<group>";
		};
		37919D7C288D69E80063C4CF /* Models */ = {
			isa = PBXGroup;
			children = (
				37919D72288D67210063C4CF /* Location.swift */,
			);
			path = Models;
			sourceTree = "<group>";
		};
		37919D7D288D69EE0063C4CF /* ViewModels */ = {
			isa = PBXGroup;
			children = (
				37919D7E288D6A010063C4CF /* LocationsViewModel.swift */,
			);
			path = ViewModels;
			sourceTree = "<group>";
		};
/* End PBXGroup section */

/* Begin PBXNativeTarget section */
		37919D60288D66640063C4CF /* MapApp */ = {
			isa = PBXNativeTarget;
			buildConfigurationList = 37919D6F288D66670063C4CF /* Build configuration list for PBXNativeTarget "MapApp" */;
			buildPhases = (
				37919D5D288D66640063C4CF /* Sources */,
				37919D5E288D66640063C4CF /* Frameworks */,
				37919D5F288D66640063C4CF /* Resources */,
			);
			buildRules = (
			);
			dependencies = (
			);
			name = MapApp;
			productName = MapApp;
			productReference = 37919D61288D66640063C4CF /* MapApp.app */;
			productType = "com.apple.product-type.application";
		};
/* End PBXNativeTarget section */

/* Begin PBXProject section */
		37919D59288D66640063C4CF /* Project object */ = {
			isa = PBXProject;
			attributes = {
				BuildIndependentTargetsInParallel = 1;
				LastSwiftUpdateCheck = 1340;
				LastUpgradeCheck = 1340;
				TargetAttributes = {
					37919D60288D66640063C4CF = {
						CreatedOnToolsVersion = 13.4.1;
					};
				};
			};
			buildConfigurationList = 37919D5C288D66640063C4CF /* Build configuration list for PBXProject "MapApp" */;
			compatibilityVersion = "Xcode 13.0";
			developmentRegion = en;
			hasScannedForEncodings = 0;
			knownRegions = (
				en,
				Base,
			);
			mainGroup = 37919D58288D66640063C4CF;
			productRefGroup = 37919D62288D66640063C4CF /* Products */;
			projectDirPath = "";
			projectRoot = "";
			targets = (
				37919D60288D66640063C4CF /* MapApp */,
			);
		};
/* End PBXProject section */

/* Begin PBXResourcesBuildPhase section */
		37919D5F288D66640063C4CF /* Resources */ = {
			isa = PBXResourcesBuildPhase;
			buildActionMask = 2147483647;
			files = (
				37919D6C288D66670063C4CF /* Preview Assets.xcassets in Resources */,
				37919D69288D66670063C4CF /* Assets.xcassets in Resources */,
			);
			runOnlyForDeploymentPostprocessing = 0;
		};
/* End PBXResourcesBuildPhase section */

/* Begin PBXSourcesBuildPhase section */
		37919D5D288D66640063C4CF /* Sources */ = {
			isa = PBXSourcesBuildPhase;
			buildActionMask = 2147483647;
			files = (
				37919D76288D677F0063C4CF /* LocationsDataService.swift in Sources */,
				37919D78288D67FF0063C4CF /* LocationsView.swift in Sources */,
				37919D87288DBC1E0063C4CF /* LocationDetailView.swift in Sources */,
				37919D73288D67210063C4CF /* Location.swift in Sources */,
				37919D81288D6F250063C4CF /* LocationsListView.swift in Sources */,
				37919D83288D9E510063C4CF /* LocationPreviewView.swift in Sources */,
				37919D65288D66640063C4CF /* MapAppApp.swift in Sources */,
				37919D7F288D6A010063C4CF /* LocationsViewModel.swift in Sources */,
				37919D85288DB8960063C4CF /* LocationMapAnnotationView.swift in Sources */,
			);
			runOnlyForDeploymentPostprocessing = 0;
		};
/* End PBXSourcesBuildPhase section */

/* Begin XCBuildConfiguration section */
		37919D6D288D66670063C4CF /* Debug */ = {
			isa = XCBuildConfiguration;
			buildSettings = {
				ALWAYS_SEARCH_USER_PATHS = NO;
				CLANG_ANALYZER_NONNULL = YES;
				CLANG_ANALYZER_NUMBER_OBJECT_CONVERSION = YES_AGGRESSIVE;
				CLANG_CXX_LANGUAGE_STANDARD = "gnu++17";
				CLANG_ENABLE_MODULES = YES;
				CLANG_ENABLE_OBJC_ARC = YES;
				CLANG_ENABLE_OBJC_WEAK = YES;
				CLANG_WARN_BLOCK_CAPTURE_AUTORELEASING = YES;
				CLANG_WARN_BOOL_CONVERSION = YES;
				CLANG_WARN_COMMA = YES;
				CLANG_WARN_CONSTANT_CONVERSION = YES;
				CLANG_WARN_DEPRECATED_OBJC_IMPLEMENTATIONS = YES;
				CLANG_WARN_DIRECT_OBJC_ISA_USAGE = YES_ERROR;
				CLANG_WARN_DOCUMENTATION_COMMENTS = YES;
				CLANG_WARN_EMPTY_BODY = YES;
				CLANG_WARN_ENUM_CONVERSION = YES;
				CLANG_WARN_INFINITE_RECURSION = YES;
				CLANG_WARN_INT_CONVERSION = YES;
				CLANG_WARN_NON_LITERAL_NULL_CONVERSION = YES;
				CLANG_WARN_OBJC_IMPLICIT_RETAIN_SELF = YES;
				CLANG_WARN_OBJC_LITERAL_CONVERSION = YES;
				CLANG_WARN_OBJC_ROOT_CLASS = YES_ERROR;
				CLANG_WARN_QUOTED_INCLUDE_IN_FRAMEWORK_HEADER = YES;
				CLANG_WARN_RANGE_LOOP_ANALYSIS = YES;
				CLANG_WARN_STRICT_PROTOTYPES = YES;
				CLANG_WARN_SUSPICIOUS_MOVE = YES;
				CLANG_WARN_UNGUARDED_AVAILABILITY = YES_AGGRESSIVE;
				CLANG_WARN_UNREACHABLE_CODE = YES;
				CLANG_WARN__DUPLICATE_METHOD_MATCH = YES;
				COPY_PHASE_STRIP = NO;
				DEBUG_INFORMATION_FORMAT = dwarf;
				ENABLE_STRICT_OBJC_MSGSEND = YES;
				ENABLE_TESTABILITY = YES;
				GCC_C_LANGUAGE_STANDARD = gnu11;
				GCC_DYNAMIC_NO_PIC = NO;
				GCC_NO_COMMON_BLOCKS = YES;
				GCC_OPTIMIZATION_LEVEL = 0;
				GCC_PREPROCESSOR_DEFINITIONS = (
					"DEBUG=1",
					"$(inherited)",
				);
				GCC_WARN_64_TO_32_BIT_CONVERSION = YES;
				GCC_WARN_ABOUT_RETURN_TYPE = YES_ERROR;
				GCC_WARN_UNDECLARED_SELECTOR = YES;
				GCC_WARN_UNINITIALIZED_AUTOS = YES_AGGRESSIVE;
				GCC_WARN_UNUSED_FUNCTION = YES;
				GCC_WARN_UNUSED_VARIABLE = YES;
				IPHONEOS_DEPLOYMENT_TARGET = 15.5;
				MTL_ENABLE_DEBUG_INFO = INCLUDE_SOURCE;
				MTL_FAST_MATH = YES;
				ONLY_ACTIVE_ARCH = YES;
				SDKROOT = iphoneos;
				SWIFT_ACTIVE_COMPILATION_CONDITIONS = DEBUG;
				SWIFT_OPTIMIZATION_LEVEL = "-Onone";
			};
			name = Debug;
		};
		37919D6E288D66670063C4CF /* Release */ = {
			isa = XCBuildConfiguration;
			buildSettings = {
				ALWAYS_SEARCH_USER_PATHS = NO;
				CLANG_ANALYZER_NONNULL = YES;
				CLANG_ANALYZER_NUMBER_OBJECT_CONVERSION = YES_AGGRESSIVE;
				CLANG_CXX_LANGUAGE_STANDARD = "gnu++17";
				CLANG_ENABLE_MODULES = YES;
				CLANG_ENABLE_OBJC_ARC = YES;
				CLANG_ENABLE_OBJC_WEAK = YES;
				CLANG_WARN_BLOCK_CAPTURE_AUTORELEASING = YES;
				CLANG_WARN_BOOL_CONVERSION = YES;
				CLANG_WARN_COMMA = YES;
				CLANG_WARN_CONSTANT_CONVERSION = YES;
				CLANG_WARN_DEPRECATED_OBJC_IMPLEMENTATIONS = YES;
				CLANG_WARN_DIRECT_OBJC_ISA_USAGE = YES_ERROR;
				CLANG_WARN_DOCUMENTATION_COMMENTS = YES;
				CLANG_WARN_EMPTY_BODY = YES;
				CLANG_WARN_ENUM_CONVERSION = YES;
				CLANG_WARN_INFINITE_RECURSION = YES;
				CLANG_WARN_INT_CONVERSION = YES;
				CLANG_WARN_NON_LITERAL_NULL_CONVERSION = YES;
				CLANG_WARN_OBJC_IMPLICIT_RETAIN_SELF = YES;
				CLANG_WARN_OBJC_LITERAL_CONVERSION = YES;
				CLANG_WARN_OBJC_ROOT_CLASS = YES_ERROR;
				CLANG_WARN_QUOTED_INCLUDE_IN_FRAMEWORK_HEADER = YES;
				CLANG_WARN_RANGE_LOOP_ANALYSIS = YES;
				CLANG_WARN_STRICT_PROTOTYPES = YES;
				CLANG_WARN_SUSPICIOUS_MOVE = YES;
				CLANG_WARN_UNGUARDED_AVAILABILITY = YES_AGGRESSIVE;
				CLANG_WARN_UNREACHABLE_CODE = YES;
				CLANG_WARN__DUPLICATE_METHOD_MATCH = YES;
				COPY_PHASE_STRIP = NO;
				DEBUG_INFORMATION_FORMAT = "dwarf-with-dsym";
				ENABLE_NS_ASSERTIONS = NO;
				ENABLE_STRICT_OBJC_MSGSEND = YES;
				GCC_C_LANGUAGE_STANDARD = gnu11;
				GCC_NO_COMMON_BLOCKS = YES;
				GCC_WARN_64_TO_32_BIT_CONVERSION = YES;
				GCC_WARN_ABOUT_RETURN_TYPE = YES_ERROR;
				GCC_WARN_UNDECLARED_SELECTOR = YES;
				GCC_WARN_UNINITIALIZED_AUTOS = YES_AGGRESSIVE;
				GCC_WARN_UNUSED_FUNCTION = YES;
				GCC_WARN_UNUSED_VARIABLE = YES;
				IPHONEOS_DEPLOYMENT_TARGET = 15.5;
				MTL_ENABLE_DEBUG_INFO = NO;
				MTL_FAST_MATH = YES;
				SDKROOT = iphoneos;
				SWIFT_COMPILATION_MODE = wholemodule;
				SWIFT_OPTIMIZATION_LEVEL = "-O";
				VALIDATE_PRODUCT = YES;
			};
			name = Release;
		};
		37919D70288D66670063C4CF /* Debug */ = {
			isa = XCBuildConfiguration;
			buildSettings = {
				ASSETCATALOG_COMPILER_APPICON_NAME = AppIcon;
				ASSETCATALOG_COMPILER_GLOBAL_ACCENT_COLOR_NAME = AccentColor;
				CODE_SIGN_STYLE = Automatic;
				CURRENT_PROJECT_VERSION = 1;
				DEVELOPMENT_ASSET_PATHS = "\"MapApp/Preview Content\"";
				DEVELOPMENT_TEAM = XQ56WU436Z;
				ENABLE_PREVIEWS = YES;
				GENERATE_INFOPLIST_FILE = YES;
				INFOPLIST_FILE = MapApp/Info.plist;
				INFOPLIST_KEY_CFBundleDisplayName = WhatToVisitMap;
				INFOPLIST_KEY_UIApplicationSceneManifest_Generation = YES;
				INFOPLIST_KEY_UIApplicationSupportsIndirectInputEvents = YES;
				INFOPLIST_KEY_UISupportedInterfaceOrientations = UIInterfaceOrientationPortrait;
				INFOPLIST_KEY_UISupportedInterfaceOrientations_iPad = "UIInterfaceOrientationPortrait UIInterfaceOrientationPortraitUpsideDown UIInterfaceOrientationLandscapeLeft UIInterfaceOrientationLandscapeRight";
				INFOPLIST_KEY_UISupportedInterfaceOrientations_iPhone = UIInterfaceOrientationPortrait;
				LD_RUNPATH_SEARCH_PATHS = (
					"$(inherited)",
					"@executable_path/Frameworks",
				);
				MARKETING_VERSION = 1.0;
				PRODUCT_BUNDLE_IDENTIFIER = com.dizdarevic.MapApp;
				PRODUCT_NAME = "$(TARGET_NAME)";
				SWIFT_EMIT_LOC_STRINGS = YES;
				SWIFT_VERSION = 5.0;
				TARGETED_DEVICE_FAMILY = "1,2";
			};
			name = Debug;
		};
		37919D71288D66670063C4CF /* Release */ = {
			isa = XCBuildConfiguration;
			buildSettings = {
				ASSETCATALOG_COMPILER_APPICON_NAME = AppIcon;
				ASSETCATALOG_COMPILER_GLOBAL_ACCENT_COLOR_NAME = AccentColor;
				CODE_SIGN_STYLE = Automatic;
				CURRENT_PROJECT_VERSION = 1;
				DEVELOPMENT_ASSET_PATHS = "\"MapApp/Preview Content\"";
				DEVELOPMENT_TEAM = XQ56WU436Z;
				ENABLE_PREVIEWS = YES;
				GENERATE_INFOPLIST_FILE = YES;
				INFOPLIST_FILE = MapApp/Info.plist;
				INFOPLIST_KEY_CFBundleDisplayName = WhatToVisitMap;
				INFOPLIST_KEY_UIApplicationSceneManifest_Generation = YES;
				INFOPLIST_KEY_UIApplicationSupportsIndirectInputEvents = YES;
				INFOPLIST_KEY_UISupportedInterfaceOrientations = UIInterfaceOrientationPortrait;
				INFOPLIST_KEY_UISupportedInterfaceOrientations_iPad = "UIInterfaceOrientationPortrait UIInterfaceOrientationPortraitUpsideDown UIInterfaceOrientationLandscapeLeft UIInterfaceOrientationLandscapeRight";
				INFOPLIST_KEY_UISupportedInterfaceOrientations_iPhone = UIInterfaceOrientationPortrait;
				LD_RUNPATH_SEARCH_PATHS = (
					"$(inherited)",
					"@executable_path/Frameworks",
				);
				MARKETING_VERSION = 1.0;
				PRODUCT_BUNDLE_IDENTIFIER = com.dizdarevic.MapApp;
				PRODUCT_NAME = "$(TARGET_NAME)";
				SWIFT_EMIT_LOC_STRINGS = YES;
				SWIFT_VERSION = 5.0;
				TARGETED_DEVICE_FAMILY = "1,2";
			};
			name = Release;
		};
/* End XCBuildConfiguration section */

/* Begin XCConfigurationList section */
		37919D5C288D66640063C4CF /* Build configuration list for PBXProject "MapApp" */ = {
			isa = XCConfigurationList;
			buildConfigurations = (
				37919D6D288D66670063C4CF /* Debug */,
				37919D6E288D66670063C4CF /* Release */,
			);
			defaultConfigurationIsVisible = 0;
			defaultConfigurationName = Release;
		};
		37919D6F288D66670063C4CF /* Build configuration list for PBXNativeTarget "MapApp" */ = {
			isa = XCConfigurationList;
			buildConfigurations = (
				37919D70288D66670063C4CF /* Debug */,
				37919D71288D66670063C4CF /* Release */,
			);
			defaultConfigurationIsVisible = 0;
			defaultConfigurationName = Release;
		};
/* End XCConfigurationList section */
	};
	rootObject = 37919D59288D66640063C4CF /* Project object */;
}
